
Microsoft Visual Studio Solution File, Format Version 12.00
# Visual Studio Version 16
VisualStudioVersion = 16.0.33529.622
MinimumVisualStudioVersion = 10.0.40219.1
Project("{FAE04EC0-301F-11D3-BF4B-00C04F79EFBC}") = "AleProjeto", "AleProjeto.csproj", "{49654677-3D67-44C3-81EB-341E730D0722}"
EndProject
Global
	GlobalSection(SolutionConfigurationPlatforms) = preSolution
		Debug|Any CPU = Debug|Any CPU
		Release|Any CPU = Release|Any CPU
	EndGlobalSection
	GlobalSection(ProjectConfigurationPlatforms) = postSolution
		{49654677-3D67-44C3-81EB-341E730D0722}.Debug|Any CPU.ActiveCfg = Debug|Any CPU
		{49654677-3D67-44C3-81EB-341E730D0722}.Debug|Any CPU.Build.0 = Debug|Any CPU
		{49654677-3D67-44C3-81EB-341E730D0722}.Release|Any CPU.ActiveCfg = Release|Any CPU
		{49654677-3D67-44C3-81EB-341E730D0722}.Release|Any CPU.Build.0 = Release|Any CPU
	EndGlobalSection
	GlobalSection(SolutionProperties) = preSolution
		HideSolutionNode = FALSE
	EndGlobalSection
	GlobalSection(ExtensibilityGlobals) = postSolution
		SolutionGuid = {799926B0-181A-4901-8759-E4F7526D20B5}
	EndGlobalSection
EndGlobal
